
Microsoft Visual Studio Solution File, Format Version 12.00
# Visual Studio Version 17
VisualStudioVersion = 17.8.34322.80
MinimumVisualStudioVersion = 10.0.40219.1
Project("{9A19103F-16F7-4668-BE54-9A1E7A4F7556}") = "WebApp1", "samples\WebApp1\WebApp1.csproj", "{25C0DB49-BCD1-49B2-A942-F17EC930E1E4}"
EndProject
Project("{9A19103F-16F7-4668-BE54-9A1E7A4F7556}") = "RazorViewComponent", "src\RazorViewComponent\RazorViewComponent.csproj", "{AC69E83B-F997-4D36-A6D4-6000A68EBCCC}"
EndProject
Global
	GlobalSection(SolutionConfigurationPlatforms) = preSolution
		Debug|Any CPU = Debug|Any CPU
		Release|Any CPU = Release|Any CPU
	EndGlobalSection
	GlobalSection(ProjectConfigurationPlatforms) = postSolution
		{25C0DB49-BCD1-49B2-A942-F17EC930E1E4}.Debug|Any CPU.ActiveCfg = Debug|Any CPU
		{25C0DB49-BCD1-49B2-A942-F17EC930E1E4}.Debug|Any CPU.Build.0 = Debug|Any CPU
		{25C0DB49-BCD1-49B2-A942-F17EC930E1E4}.Release|Any CPU.ActiveCfg = Release|Any CPU
		{25C0DB49-BCD1-49B2-A942-F17EC930E1E4}.Release|Any CPU.Build.0 = Release|Any CPU
		{AC69E83B-F997-4D36-A6D4-6000A68EBCCC}.Debug|Any CPU.ActiveCfg = Debug|Any CPU
		{AC69E83B-F997-4D36-A6D4-6000A68EBCCC}.Debug|Any CPU.Build.0 = Debug|Any CPU
		{AC69E83B-F997-4D36-A6D4-6000A68EBCCC}.Release|Any CPU.ActiveCfg = Release|Any CPU
		{AC69E83B-F997-4D36-A6D4-6000A68EBCCC}.Release|Any CPU.Build.0 = Release|Any CPU
	EndGlobalSection
	GlobalSection(SolutionProperties) = preSolution
		HideSolutionNode = FALSE
	EndGlobalSection
	GlobalSection(ExtensibilityGlobals) = postSolution
		SolutionGuid = {683DEC26-6D56-4548-9CF0-8CD9567793D0}
	EndGlobalSection
EndGlobal
